{
  "version": 4,
  "terraform_version": "1.1.6",
  "serial": 13,
  "lineage": "ab1ca56c-162c-7964-65c4-6804562219a4",
  "outputs": {},
  "resources": [
    {
      "module": "module.subnet",
      "mode": "managed",
      "type": "oci_core_subnet",
      "name": "subnet",
      "provider": "provider[\"registry.terraform.io/hashicorp/oci\"]",
      "instances": [
        {
          "schema_version": 0,
          "attributes": {
            "availability_domain": null,
            "cidr_block": "10.0.0.0/24",
            "compartment_id": "ocid1.tenancy.oc1..aaaaaaaagtsjh7xz7ijesbzn3kkgqmf2t26jr7m4rvng4ooxnddlro73x77q",
            "defined_tags": {
              "Oracle-Tags.CreatedBy": "default/xkmalikx@gmail.com",
              "Oracle-Tags.CreatedOn": "2022-03-07T11:57:18.743Z"
            },
            "dhcp_options_id": "ocid1.dhcpoptions.oc1.eu-frankfurt-1.aaaaaaaaiahnxfk7hmvjvxwfgr2yg52luvgl6kwndeztdoqr4uxnwaumvata",
            "display_name": "subnet20220307115718",
            "dns_label": null,
            "freeform_tags": {},
            "id": "ocid1.subnet.oc1.eu-frankfurt-1.aaaaaaaakrgfmu5vvxzn6xgtyt5ffs6jrgrll77js2rcedqtw725lgxu6bjq",
            "ipv6cidr_block": null,
            "ipv6virtual_router_ip": null,
            "prohibit_internet_ingress": false,
            "prohibit_public_ip_on_vnic": false,
            "route_table_id": "ocid1.routetable.oc1.eu-frankfurt-1.aaaaaaaads6n5gc6z3tyie3cn4dkg5if4nnxlkajkd2ypowxg7cofbwd2i4q",
            "security_list_ids": [
              "ocid1.securitylist.oc1.eu-frankfurt-1.aaaaaaaavxrqp3kn36ckzdn3ljto5xkk5qsoyub4wr7t3joowufi7dpzbbua"
            ],
            "state": "AVAILABLE",
            "subnet_domain_name": null,
            "time_created": "2022-03-07 11:57:18.784 +0000 UTC",
            "timeouts": null,
            "vcn_id": "ocid1.vcn.oc1.eu-frankfurt-1.amaaaaaa3r64ooaagrtqt4fuvptnldhgyrqgn6433kxbyph7qegoytexzvyq",
            "virtual_router_ip": "10.0.0.1",
            "virtual_router_mac": "00:00:17:C6:AB:CF"
          },
          "sensitive_attributes": [],
          "private": "eyJlMmJmYjczMC1lY2FhLTExZTYtOGY4OC0zNDM2M2JjN2M0YzAiOnsiY3JlYXRlIjoxMjAwMDAwMDAwMDAwLCJkZWxldGUiOjEyMDAwMDAwMDAwMDAsInVwZGF0ZSI6MTIwMDAwMDAwMDAwMH19",
          "dependencies": [
            "module.vcn.oci_core_vcn.vcn"
          ]
        }
      ]
    },
    {
      "module": "module.vcn",
      "mode": "managed",
      "type": "oci_core_vcn",
      "name": "vcn",
      "provider": "provider[\"registry.terraform.io/hashicorp/oci\"]",
      "instances": [
        {
          "schema_version": 0,
          "attributes": {
            "cidr_block": "10.0.0.0/24",
            "cidr_blocks": [
              "10.0.0.0/24"
            ],
            "compartment_id": "ocid1.tenancy.oc1..aaaaaaaagtsjh7xz7ijesbzn3kkgqmf2t26jr7m4rvng4ooxnddlro73x77q",
            "default_dhcp_options_id": "ocid1.dhcpoptions.oc1.eu-frankfurt-1.aaaaaaaaiahnxfk7hmvjvxwfgr2yg52luvgl6kwndeztdoqr4uxnwaumvata",
            "default_route_table_id": "ocid1.routetable.oc1.eu-frankfurt-1.aaaaaaaads6n5gc6z3tyie3cn4dkg5if4nnxlkajkd2ypowxg7cofbwd2i4q",
            "default_security_list_id": "ocid1.securitylist.oc1.eu-frankfurt-1.aaaaaaaavxrqp3kn36ckzdn3ljto5xkk5qsoyub4wr7t3joowufi7dpzbbua",
            "defined_tags": {
              "Oracle-Tags.CreatedBy": "default/xkmalikx@gmail.com",
              "Oracle-Tags.CreatedOn": "2022-03-07T11:57:18.000Z"
            },
            "display_name": "vcn20220307115718",
            "dns_label": null,
            "freeform_tags": {},
            "id": "ocid1.vcn.oc1.eu-frankfurt-1.amaaaaaa3r64ooaagrtqt4fuvptnldhgyrqgn6433kxbyph7qegoytexzvyq",
            "ipv6cidr_blocks": [],
            "is_ipv6enabled": false,
            "state": "AVAILABLE",
            "time_created": "2022-03-07 11:57:18.109 +0000 UTC",
            "timeouts": null,
            "vcn_domain_name": null
          },
          "sensitive_attributes": [],
          "private": "eyJlMmJmYjczMC1lY2FhLTExZTYtOGY4OC0zNDM2M2JjN2M0YzAiOnsiY3JlYXRlIjoxMjAwMDAwMDAwMDAwLCJkZWxldGUiOjEyMDAwMDAwMDAwMDAsInVwZGF0ZSI6MTIwMDAwMDAwMDAwMH19"
        }
      ]
    },
    {
      "module": "module.vm",
      "mode": "data",
      "type": "oci_core_images",
      "name": "os",
      "provider": "provider[\"registry.terraform.io/hashicorp/oci\"]",
      "instances": [
        {
          "schema_version": 0,
          "attributes": {
            "compartment_id": "ocid1.tenancy.oc1..aaaaaaaagtsjh7xz7ijesbzn3kkgqmf2t26jr7m4rvng4ooxnddlro73x77q",
            "display_name": null,
            "filter": null,
            "id": "CoreImagesDataSource-1655868830",
            "images": [
              {
                "agent_features": [],
                "base_image_id": "",
                "billable_size_in_gbs": "2",
                "compartment_id": "",
                "create_image_allowed": true,
                "defined_tags": {},
                "display_name": "Canonical-Ubuntu-20.04-aarch64-2022.02.15-0",
                "freeform_tags": {},
                "id": "ocid1.image.oc1.eu-frankfurt-1.aaaaaaaaerzsdjk2ahjgfgf2zxtxtnpl3n3ew6qse2g2lxnnumxui7hsmsja",
                "image_source_details": [],
                "instance_id": "",
                "launch_mode": "NATIVE",
                "launch_options": [
                  {
                    "boot_volume_type": "PARAVIRTUALIZED",
                    "firmware": "UEFI_64",
                    "is_consistent_volume_naming_enabled": true,
                    "is_pv_encryption_in_transit_enabled": true,
                    "network_type": "PARAVIRTUALIZED",
                    "remote_data_volume_type": "PARAVIRTUALIZED"
                  }
                ],
                "listing_type": "",
                "operating_system": "Canonical Ubuntu",
                "operating_system_version": "20.04",
                "size_in_mbs": "47694",
                "state": "AVAILABLE",
                "time_created": "2022-03-02 06:23:08.346 +0000 UTC"
              },
              {
                "agent_features": [],
                "base_image_id": "",
                "billable_size_in_gbs": "2",
                "compartment_id": "",
                "create_image_allowed": true,
                "defined_tags": {},
                "display_name": "Canonical-Ubuntu-20.04-aarch64-2022.01.18-0",
                "freeform_tags": {},
                "id": "ocid1.image.oc1.eu-frankfurt-1.aaaaaaaah4k6avnp4cjeqpogq5dgbyhxgnciehgz6ps6cwazdleinwrfd6nq",
                "image_source_details": [],
                "instance_id": "",
                "launch_mode": "NATIVE",
                "launch_options": [
                  {
                    "boot_volume_type": "PARAVIRTUALIZED",
                    "firmware": "UEFI_64",
                    "is_consistent_volume_naming_enabled": true,
                    "is_pv_encryption_in_transit_enabled": true,
                    "network_type": "PARAVIRTUALIZED",
                    "remote_data_volume_type": "PARAVIRTUALIZED"
                  }
                ],
                "listing_type": "",
                "operating_system": "Canonical Ubuntu",
                "operating_system_version": "20.04",
                "size_in_mbs": "47694",
                "state": "AVAILABLE",
                "time_created": "2022-01-27 22:53:29.932 +0000 UTC"
              },
              {
                "agent_features": [],
                "base_image_id": "",
                "billable_size_in_gbs": "2",
                "compartment_id": "",
                "create_image_allowed": true,
                "defined_tags": {},
                "display_name": "Canonical-Ubuntu-20.04-aarch64-2021.12.01-0",
                "freeform_tags": {},
                "id": "ocid1.image.oc1.eu-frankfurt-1.aaaaaaaa6ueulrtedgclrxznl5pkzhzseddl7b6iq6jhdl3vjm62zhddpxta",
                "image_source_details": [],
                "instance_id": "",
                "launch_mode": "NATIVE",
                "launch_options": [
                  {
                    "boot_volume_type": "PARAVIRTUALIZED",
                    "firmware": "UEFI_64",
                    "is_consistent_volume_naming_enabled": true,
                    "is_pv_encryption_in_transit_enabled": true,
                    "network_type": "PARAVIRTUALIZED",
                    "remote_data_volume_type": "PARAVIRTUALIZED"
                  }
                ],
                "listing_type": "",
                "operating_system": "Canonical Ubuntu",
                "operating_system_version": "20.04",
                "size_in_mbs": "47694",
                "state": "AVAILABLE",
                "time_created": "2021-12-09 17:21:16.366 +0000 UTC"
              }
            ],
            "operating_system": "Canonical Ubuntu",
            "operating_system_version": "20.04",
            "shape": "VM.Standard.A1.Flex",
            "sort_by": "TIMECREATED",
            "sort_order": "DESC",
            "state": null
          },
          "sensitive_attributes": []
        }
      ]
    },
    {
      "module": "module.vm",
      "mode": "data",
      "type": "oci_core_vnic_attachments",
      "name": "a1_vnic_attachments",
      "provider": "provider[\"registry.terraform.io/hashicorp/oci\"]",
      "instances": []
    }
  ]
}
